
Microsoft Visual Studio Solution File, Format Version 12.00
# Visual Studio Version 16
VisualStudioVersion = 16.0.32407.337
MinimumVisualStudioVersion = 10.0.40219.1
Project("{FAE04EC0-301F-11D3-BF4B-00C04F79EFBC}") = "WindowForm_App", "WindowForm_App\WindowForm_App.csproj", "{F93A2372-186E-4323-B997-2F9CA5BA2C3E}"
EndProject
Global
	GlobalSection(SolutionConfigurationPlatforms) = preSolution
		Debug|Any CPU = Debug|Any CPU
		Release|Any CPU = Release|Any CPU
	EndGlobalSection
	GlobalSection(ProjectConfigurationPlatforms) = postSolution
		{F93A2372-186E-4323-B997-2F9CA5BA2C3E}.Debug|Any CPU.ActiveCfg = Debug|Any CPU
		{F93A2372-186E-4323-B997-2F9CA5BA2C3E}.Debug|Any CPU.Build.0 = Debug|Any CPU
		{F93A2372-186E-4323-B997-2F9CA5BA2C3E}.Release|Any CPU.ActiveCfg = Release|Any CPU
		{F93A2372-186E-4323-B997-2F9CA5BA2C3E}.Release|Any CPU.Build.0 = Release|Any CPU
	EndGlobalSection
	GlobalSection(SolutionProperties) = preSolution
		HideSolutionNode = FALSE
	EndGlobalSection
	GlobalSection(ExtensibilityGlobals) = postSolution
		SolutionGuid = {4CFD506A-E916-4EBD-AFCB-0DA1BE7630B4}
	EndGlobalSection
EndGlobal
